# This file is automatically @generated by Cargo.
# It is not intended for manual editing.
version = 4

[[package]]
name = "github-statcrab"
version = "0.1.0"
dependencies = [
 "quick-xml",
]

[[package]]
name = "memchr"
version = "2.7.5"
source = "registry+https://github.com/rust-lang/crates.io-index"
checksum = "32a282da65faaf38286cf3be983213fcf1d2e2a58700e808f83f4ea9a4804bc0"

[[package]]
name = "quick-xml"
version = "0.38.0"
source = "registry+https://github.com/rust-lang/crates.io-index"
checksum = "8927b0664f5c5a98265138b7e3f90aa19a6b21353182469ace36d4ac527b7b1b"
dependencies = [
 "memchr",
]
